// !$*UTF8*$!
{
	archiveVersion = 1;
	classes = {
	};
	objectVersion = 46;
	objects = {

/* Begin PBXBuildFile section */
		16B3C0D117496385266AEBFA /* libPods-CBLiteStarterApp.a in Frameworks */ = {isa = PBXBuildFile; fileRef = F981E702F454E71CCB8D9D48 /* libPods-CBLiteStarterApp.a */; };
		5F06C2911E967EAF00D0531D /* AppDelegate.swift in Sources */ = {isa = PBXBuildFile; fileRef = 5F06C2901E967EAF00D0531D /* AppDelegate.swift */; };
		5F06C2931E967EAF00D0531D /* DBMainMenuViewController.swift in Sources */ = {isa = PBXBuildFile; fileRef = 5F06C2921E967EAF00D0531D /* DBMainMenuViewController.swift */; };
		5F06C2961E967EAF00D0531D /* Main.storyboard in Resources */ = {isa = PBXBuildFile; fileRef = 5F06C2941E967EAF00D0531D /* Main.storyboard */; };
		5F06C2981E967EAF00D0531D /* Assets.xcassets in Resources */ = {isa = PBXBuildFile; fileRef = 5F06C2971E967EAF00D0531D /* Assets.xcassets */; };
		5F06C29B1E967EAF00D0531D /* LaunchScreen.storyboard in Resources */ = {isa = PBXBuildFile; fileRef = 5F06C2991E967EAF00D0531D /* LaunchScreen.storyboard */; };
		5F06C2A61E967EAF00D0531D /* CBLiteStarterAppTests.swift in Sources */ = {isa = PBXBuildFile; fileRef = 5F06C2A51E967EAF00D0531D /* CBLiteStarterAppTests.swift */; };
		5F06C2C61E96C3AC00D0531D /* ViewControllerExtension.swift in Sources */ = {isa = PBXBuildFile; fileRef = 5F06C2C51E96C3AC00D0531D /* ViewControllerExtension.swift */; };
		5F06C2CB1E96D64C00D0531D /* DBListTableViewController.swift in Sources */ = {isa = PBXBuildFile; fileRef = 5F06C2CA1E96D64C00D0531D /* DBListTableViewController.swift */; };
		5F06C2CD1E96DD3500D0531D /* DocListTableViewController.swift in Sources */ = {isa = PBXBuildFile; fileRef = 5F06C2CC1E96DD3500D0531D /* DocListTableViewController.swift */; };
		5F06C2CF1E96E83B00D0531D /* StoryboardExtension.swift in Sources */ = {isa = PBXBuildFile; fileRef = 5F06C2CE1E96E83B00D0531D /* StoryboardExtension.swift */; };
		DDDA988CE0B10D78372275E5 /* libPods-CBLiteStarterAppTests.a in Frameworks */ = {isa = PBXBuildFile; fileRef = F389668C48D2F3F2DB9AFEB2 /* libPods-CBLiteStarterAppTests.a */; };
/* End PBXBuildFile section */

/* Begin PBXContainerItemProxy section */
		5F06C2A21E967EAF00D0531D /* PBXContainerItemProxy */ = {
			isa = PBXContainerItemProxy;
			containerPortal = 5F06C2851E967EAF00D0531D /* Project object */;
			proxyType = 1;
			remoteGlobalIDString = 5F06C28C1E967EAF00D0531D;
			remoteInfo = CBLiteStarterApp;
		};
/* End PBXContainerItemProxy section */

/* Begin PBXFileReference section */
		216A5E8BCC3F7DF2FAAF8291 /* Pods-CBLiteStarterAppTests.release.xcconfig */ = {isa = PBXFileReference; includeInIndex = 1; lastKnownFileType = text.xcconfig; name = "Pods-CBLiteStarterAppTests.release.xcconfig"; path = "Pods/Target Support Files/Pods-CBLiteStarterAppTests/Pods-CBLiteStarterAppTests.release.xcconfig"; sourceTree = "<group>"; };
		250A142E7761C28E54822930 /* Pods-CBLiteStarterApp.debug.xcconfig */ = {isa = PBXFileReference; includeInIndex = 1; lastKnownFileType = text.xcconfig; name = "Pods-CBLiteStarterApp.debug.xcconfig"; path = "Pods/Target Support Files/Pods-CBLiteStarterApp/Pods-CBLiteStarterApp.debug.xcconfig"; sourceTree = "<group>"; };
		3C1AA16270FD4013D6485DD5 /* Pods-CBLiteStarterApp.release.xcconfig */ = {isa = PBXFileReference; includeInIndex = 1; lastKnownFileType = text.xcconfig; name = "Pods-CBLiteStarterApp.release.xcconfig"; path = "Pods/Target Support Files/Pods-CBLiteStarterApp/Pods-CBLiteStarterApp.release.xcconfig"; sourceTree = "<group>"; };
		5F06C28D1E967EAF00D0531D /* CBLite Demo.app */ = {isa = PBXFileReference; explicitFileType = wrapper.application; includeInIndex = 0; path = "CBLite Demo.app"; sourceTree = BUILT_PRODUCTS_DIR; };
		5F06C2901E967EAF00D0531D /* AppDelegate.swift */ = {isa = PBXFileReference; lastKnownFileType = sourcecode.swift; path = AppDelegate.swift; sourceTree = "<group>"; };
		5F06C2921E967EAF00D0531D /* DBMainMenuViewController.swift */ = {isa = PBXFileReference; lastKnownFileType = sourcecode.swift; path = DBMainMenuViewController.swift; sourceTree = "<group>"; };
		5F06C2951E967EAF00D0531D /* Base */ = {isa = PBXFileReference; lastKnownFileType = file.storyboard; name = Base; path = Base.lproj/Main.storyboard; sourceTree = "<group>"; };
		5F06C2971E967EAF00D0531D /* Assets.xcassets */ = {isa = PBXFileReference; lastKnownFileType = folder.assetcatalog; path = Assets.xcassets; sourceTree = "<group>"; };
		5F06C29A1E967EAF00D0531D /* Base */ = {isa = PBXFileReference; lastKnownFileType = file.storyboard; name = Base; path = Base.lproj/LaunchScreen.storyboard; sourceTree = "<group>"; };
		5F06C29C1E967EAF00D0531D /* Info.plist */ = {isa = PBXFileReference; lastKnownFileType = text.plist.xml; path = Info.plist; sourceTree = "<group>"; };
		5F06C2A11E967EAF00D0531D /* CBLiteStarterAppTests.xctest */ = {isa = PBXFileReference; explicitFileType = wrapper.cfbundle; includeInIndex = 0; path = CBLiteStarterAppTests.xctest; sourceTree = BUILT_PRODUCTS_DIR; };
		5F06C2A51E967EAF00D0531D /* CBLiteStarterAppTests.swift */ = {isa = PBXFileReference; lastKnownFileType = sourcecode.swift; path = CBLiteStarterAppTests.swift; sourceTree = "<group>"; };
		5F06C2A71E967EAF00D0531D /* Info.plist */ = {isa = PBXFileReference; lastKnownFileType = text.plist.xml; path = Info.plist; sourceTree = "<group>"; };
		5F06C2B01E96A43E00D0531D /* CBLiteStarterApp-Bridging-Header.h */ = {isa = PBXFileReference; lastKnownFileType = sourcecode.c.h; path = "CBLiteStarterApp-Bridging-Header.h"; sourceTree = "<group>"; };
		5F06C2C51E96C3AC00D0531D /* ViewControllerExtension.swift */ = {isa = PBXFileReference; fileEncoding = 4; lastKnownFileType = sourcecode.swift; path = ViewControllerExtension.swift; sourceTree = "<group>"; };
		5F06C2CA1E96D64C00D0531D /* DBListTableViewController.swift */ = {isa = PBXFileReference; fileEncoding = 4; lastKnownFileType = sourcecode.swift; path = DBListTableViewController.swift; sourceTree = "<group>"; };
		5F06C2CC1E96DD3500D0531D /* DocListTableViewController.swift */ = {isa = PBXFileReference; fileEncoding = 4; lastKnownFileType = sourcecode.swift; path = DocListTableViewController.swift; sourceTree = "<group>"; };
		5F06C2CE1E96E83B00D0531D /* StoryboardExtension.swift */ = {isa = PBXFileReference; fileEncoding = 4; lastKnownFileType = sourcecode.swift; path = StoryboardExtension.swift; sourceTree = "<group>"; };
		C11EED74DFB1027FE34337F2 /* Pods-CBLiteStarterAppTests.debug.xcconfig */ = {isa = PBXFileReference; includeInIndex = 1; lastKnownFileType = text.xcconfig; name = "Pods-CBLiteStarterAppTests.debug.xcconfig"; path = "Pods/Target Support Files/Pods-CBLiteStarterAppTests/Pods-CBLiteStarterAppTests.debug.xcconfig"; sourceTree = "<group>"; };
		F389668C48D2F3F2DB9AFEB2 /* libPods-CBLiteStarterAppTests.a */ = {isa = PBXFileReference; explicitFileType = archive.ar; includeInIndex = 0; path = "libPods-CBLiteStarterAppTests.a"; sourceTree = BUILT_PRODUCTS_DIR; };
		F981E702F454E71CCB8D9D48 /* libPods-CBLiteStarterApp.a */ = {isa = PBXFileReference; explicitFileType = archive.ar; includeInIndex = 0; path = "libPods-CBLiteStarterApp.a"; sourceTree = BUILT_PRODUCTS_DIR; };
/* End PBXFileReference section */

/* Begin PBXFrameworksBuildPhase section */
		5F06C28A1E967EAF00D0531D /* Frameworks */ = {
			isa = PBXFrameworksBuildPhase;
			buildActionMask = 2147483647;
			files = (
				16B3C0D117496385266AEBFA /* libPods-CBLiteStarterApp.a in Frameworks */,
			);
			runOnlyForDeploymentPostprocessing = 0;
		};
		5F06C29E1E967EAF00D0531D /* Frameworks */ = {
			isa = PBXFrameworksBuildPhase;
			buildActionMask = 2147483647;
			files = (
				DDDA988CE0B10D78372275E5 /* libPods-CBLiteStarterAppTests.a in Frameworks */,
			);
			runOnlyForDeploymentPostprocessing = 0;
		};
/* End PBXFrameworksBuildPhase section */

/* Begin PBXGroup section */
		35C0CA34F010565325416B5F /* Pods */ = {
			isa = PBXGroup;
			children = (
				250A142E7761C28E54822930 /* Pods-CBLiteStarterApp.debug.xcconfig */,
				3C1AA16270FD4013D6485DD5 /* Pods-CBLiteStarterApp.release.xcconfig */,
				C11EED74DFB1027FE34337F2 /* Pods-CBLiteStarterAppTests.debug.xcconfig */,
				216A5E8BCC3F7DF2FAAF8291 /* Pods-CBLiteStarterAppTests.release.xcconfig */,
			);
			name = Pods;
			sourceTree = "<group>";
		};
		3C4FCD486010A02A21A9E8A7 /* Frameworks */ = {
			isa = PBXGroup;
			children = (
				F981E702F454E71CCB8D9D48 /* libPods-CBLiteStarterApp.a */,
				F389668C48D2F3F2DB9AFEB2 /* libPods-CBLiteStarterAppTests.a */,
			);
			name = Frameworks;
			sourceTree = "<group>";
		};
		5F06C2841E967EAF00D0531D = {
			isa = PBXGroup;
			children = (
				5F06C28F1E967EAF00D0531D /* CBLiteStarterApp */,
				5F06C2A41E967EAF00D0531D /* CBLiteStarterAppTests */,
				5F06C28E1E967EAF00D0531D /* Products */,
				35C0CA34F010565325416B5F /* Pods */,
				3C4FCD486010A02A21A9E8A7 /* Frameworks */,
				5F06C2B01E96A43E00D0531D /* CBLiteStarterApp-Bridging-Header.h */,
			);
			sourceTree = "<group>";
		};
		5F06C28E1E967EAF00D0531D /* Products */ = {
			isa = PBXGroup;
			children = (
				5F06C28D1E967EAF00D0531D /* CBLite Demo.app */,
				5F06C2A11E967EAF00D0531D /* CBLiteStarterAppTests.xctest */,
			);
			name = Products;
			sourceTree = "<group>";
		};
		5F06C28F1E967EAF00D0531D /* CBLiteStarterApp */ = {
			isa = PBXGroup;
			children = (
				5F06C2C71E96C3BB00D0531D /* supporting */,
				5F06C2C81E96C3CD00D0531D /* view controllers */,
				5F06C2C91E96C3DD00D0531D /* extension */,
			);
			path = CBLiteStarterApp;
			sourceTree = "<group>";
		};
		5F06C2A41E967EAF00D0531D /* CBLiteStarterAppTests */ = {
			isa = PBXGroup;
			children = (
				5F06C2A51E967EAF00D0531D /* CBLiteStarterAppTests.swift */,
				5F06C2A71E967EAF00D0531D /* Info.plist */,
			);
			path = CBLiteStarterAppTests;
			sourceTree = "<group>";
		};
		5F06C2C71E96C3BB00D0531D /* supporting */ = {
			isa = PBXGroup;
			children = (
				5F06C2901E967EAF00D0531D /* AppDelegate.swift */,
				5F06C2941E967EAF00D0531D /* Main.storyboard */,
				5F06C2971E967EAF00D0531D /* Assets.xcassets */,
				5F06C2991E967EAF00D0531D /* LaunchScreen.storyboard */,
				5F06C29C1E967EAF00D0531D /* Info.plist */,
			);
			name = supporting;
			sourceTree = "<group>";
		};
		5F06C2C81E96C3CD00D0531D /* view controllers */ = {
			isa = PBXGroup;
			children = (
				5F06C2921E967EAF00D0531D /* DBMainMenuViewController.swift */,
				5F06C2CA1E96D64C00D0531D /* DBListTableViewController.swift */,
				5F06C2CC1E96DD3500D0531D /* DocListTableViewController.swift */,
			);
			name = "view controllers";
			sourceTree = "<group>";
		};
		5F06C2C91E96C3DD00D0531D /* extension */ = {
			isa = PBXGroup;
			children = (
				5F06C2C51E96C3AC00D0531D /* ViewControllerExtension.swift */,
				5F06C2CE1E96E83B00D0531D /* StoryboardExtension.swift */,
			);
			name = extension;
			sourceTree = "<group>";
		};
/* End PBXGroup section */

/* Begin PBXNativeTarget section */
		5F06C28C1E967EAF00D0531D /* CBLiteStarterApp */ = {
			isa = PBXNativeTarget;
			buildConfigurationList = 5F06C2AA1E967EAF00D0531D /* Build configuration list for PBXNativeTarget "CBLiteStarterApp" */;
			buildPhases = (
				1BB39B2A6622E65A2DAF8AA7 /* [CP] Check Pods Manifest.lock */,
				5F06C2891E967EAF00D0531D /* Sources */,
				5F06C28A1E967EAF00D0531D /* Frameworks */,
				5F06C28B1E967EAF00D0531D /* Resources */,
				E6ECFC23A5D8D0E7030E4D03 /* [CP] Embed Pods Frameworks */,
				3CB2024E6C6FDC152D0E63A1 /* [CP] Copy Pods Resources */,
			);
			buildRules = (
			);
			dependencies = (
			);
			name = CBLiteStarterApp;
			productName = CBLiteStarterApp;
			productReference = 5F06C28D1E967EAF00D0531D /* CBLite Demo.app */;
			productType = "com.apple.product-type.application";
		};
		5F06C2A01E967EAF00D0531D /* CBLiteStarterAppTests */ = {
			isa = PBXNativeTarget;
			buildConfigurationList = 5F06C2AD1E967EAF00D0531D /* Build configuration list for PBXNativeTarget "CBLiteStarterAppTests" */;
			buildPhases = (
				840563E7DC3A4D7FADC70C83 /* [CP] Check Pods Manifest.lock */,
				5F06C29D1E967EAF00D0531D /* Sources */,
				5F06C29E1E967EAF00D0531D /* Frameworks */,
				5F06C29F1E967EAF00D0531D /* Resources */,
				2BD36587318D57792DDD14B2 /* [CP] Embed Pods Frameworks */,
				9BCC0A9D43E4ADFE16A793A2 /* [CP] Copy Pods Resources */,
			);
			buildRules = (
			);
			dependencies = (
				5F06C2A31E967EAF00D0531D /* PBXTargetDependency */,
			);
			name = CBLiteStarterAppTests;
			productName = CBLiteStarterAppTests;
			productReference = 5F06C2A11E967EAF00D0531D /* CBLiteStarterAppTests.xctest */;
			productType = "com.apple.product-type.bundle.unit-test";
		};
/* End PBXNativeTarget section */

/* Begin PBXProject section */
		5F06C2851E967EAF00D0531D /* Project object */ = {
			isa = PBXProject;
			attributes = {
				LastSwiftUpdateCheck = 0830;
				LastUpgradeCheck = 0830;
				ORGANIZATIONNAME = "Couchbase Inc.";
				TargetAttributes = {
					5F06C28C1E967EAF00D0531D = {
						CreatedOnToolsVersion = 8.3;
						LastSwiftMigration = 0830;
						ProvisioningStyle = Automatic;
					};
					5F06C2A01E967EAF00D0531D = {
						CreatedOnToolsVersion = 8.3;
						ProvisioningStyle = Automatic;
						TestTargetID = 5F06C28C1E967EAF00D0531D;
					};
				};
			};
			buildConfigurationList = 5F06C2881E967EAF00D0531D /* Build configuration list for PBXProject "CBLiteStarterApp" */;
			compatibilityVersion = "Xcode 3.2";
			developmentRegion = English;
			hasScannedForEncodings = 0;
			knownRegions = (
				en,
				Base,
			);
			mainGroup = 5F06C2841E967EAF00D0531D;
			productRefGroup = 5F06C28E1E967EAF00D0531D /* Products */;
			projectDirPath = "";
			projectRoot = "";
			targets = (
				5F06C28C1E967EAF00D0531D /* CBLiteStarterApp */,
				5F06C2A01E967EAF00D0531D /* CBLiteStarterAppTests */,
			);
		};
/* End PBXProject section */

/* Begin PBXResourcesBuildPhase section */
		5F06C28B1E967EAF00D0531D /* Resources */ = {
			isa = PBXResourcesBuildPhase;
			buildActionMask = 2147483647;
			files = (
				5F06C29B1E967EAF00D0531D /* LaunchScreen.storyboard in Resources */,
				5F06C2981E967EAF00D0531D /* Assets.xcassets in Resources */,
				5F06C2961E967EAF00D0531D /* Main.storyboard in Resources */,
			);
			runOnlyForDeploymentPostprocessing = 0;
		};
		5F06C29F1E967EAF00D0531D /* Resources */ = {
			isa = PBXResourcesBuildPhase;
			buildActionMask = 2147483647;
			files = (
			);
			runOnlyForDeploymentPostprocessing = 0;
		};
/* End PBXResourcesBuildPhase section */

/* Begin PBXShellScriptBuildPhase section */
		1BB39B2A6622E65A2DAF8AA7 /* [CP] Check Pods Manifest.lock */ = {
			isa = PBXShellScriptBuildPhase;
			buildActionMask = 2147483647;
			files = (
			);
			inputPaths = (
			);
			name = "[CP] Check Pods Manifest.lock";
			outputPaths = (
			);
			runOnlyForDeploymentPostprocessing = 0;
			shellPath = /bin/sh;
			shellScript = "diff \"${PODS_ROOT}/../Podfile.lock\" \"${PODS_ROOT}/Manifest.lock\" > /dev/null\nif [ $? != 0 ] ; then\n    # print error to STDERR\n    echo \"error: The sandbox is not in sync with the Podfile.lock. Run 'pod install' or update your CocoaPods installation.\" >&2\n    exit 1\nfi\n";
			showEnvVarsInLog = 0;
		};
		2BD36587318D57792DDD14B2 /* [CP] Embed Pods Frameworks */ = {
			isa = PBXShellScriptBuildPhase;
			buildActionMask = 2147483647;
			files = (
			);
			inputPaths = (
			);
			name = "[CP] Embed Pods Frameworks";
			outputPaths = (
			);
			runOnlyForDeploymentPostprocessing = 0;
			shellPath = /bin/sh;
			shellScript = "\"${SRCROOT}/Pods/Target Support Files/Pods-CBLiteStarterAppTests/Pods-CBLiteStarterAppTests-frameworks.sh\"\n";
			showEnvVarsInLog = 0;
		};
		3CB2024E6C6FDC152D0E63A1 /* [CP] Copy Pods Resources */ = {
			isa = PBXShellScriptBuildPhase;
			buildActionMask = 2147483647;
			files = (
			);
			inputPaths = (
			);
			name = "[CP] Copy Pods Resources";
			outputPaths = (
			);
			runOnlyForDeploymentPostprocessing = 0;
			shellPath = /bin/sh;
			shellScript = "\"${SRCROOT}/Pods/Target Support Files/Pods-CBLiteStarterApp/Pods-CBLiteStarterApp-resources.sh\"\n";
			showEnvVarsInLog = 0;
		};
		840563E7DC3A4D7FADC70C83 /* [CP] Check Pods Manifest.lock */ = {
			isa = PBXShellScriptBuildPhase;
			buildActionMask = 2147483647;
			files = (
			);
			inputPaths = (
			);
			name = "[CP] Check Pods Manifest.lock";
			outputPaths = (
			);
			runOnlyForDeploymentPostprocessing = 0;
			shellPath = /bin/sh;
			shellScript = "diff \"${PODS_ROOT}/../Podfile.lock\" \"${PODS_ROOT}/Manifest.lock\" > /dev/null\nif [ $? != 0 ] ; then\n    # print error to STDERR\n    echo \"error: The sandbox is not in sync with the Podfile.lock. Run 'pod install' or update your CocoaPods installation.\" >&2\n    exit 1\nfi\n";
			showEnvVarsInLog = 0;
		};
		9BCC0A9D43E4ADFE16A793A2 /* [CP] Copy Pods Resources */ = {
			isa = PBXShellScriptBuildPhase;
			buildActionMask = 2147483647;
			files = (
			);
			inputPaths = (
			);
			name = "[CP] Copy Pods Resources";
			outputPaths = (
			);
			runOnlyForDeploymentPostprocessing = 0;
			shellPath = /bin/sh;
			shellScript = "\"${SRCROOT}/Pods/Target Support Files/Pods-CBLiteStarterAppTests/Pods-CBLiteStarterAppTests-resources.sh\"\n";
			showEnvVarsInLog = 0;
		};
		E6ECFC23A5D8D0E7030E4D03 /* [CP] Embed Pods Frameworks */ = {
			isa = PBXShellScriptBuildPhase;
			buildActionMask = 2147483647;
			files = (
			);
			inputPaths = (
			);
			name = "[CP] Embed Pods Frameworks";
			outputPaths = (
			);
			runOnlyForDeploymentPostprocessing = 0;
			shellPath = /bin/sh;
			shellScript = "\"${SRCROOT}/Pods/Target Support Files/Pods-CBLiteStarterApp/Pods-CBLiteStarterApp-frameworks.sh\"\n";
			showEnvVarsInLog = 0;
		};
/* End PBXShellScriptBuildPhase section */

/* Begin PBXSourcesBuildPhase section */
		5F06C2891E967EAF00D0531D /* Sources */ = {
			isa = PBXSourcesBuildPhase;
			buildActionMask = 2147483647;
			files = (
				5F06C2931E967EAF00D0531D /* DBMainMenuViewController.swift in Sources */,
				5F06C2911E967EAF00D0531D /* AppDelegate.swift in Sources */,
				5F06C2C61E96C3AC00D0531D /* ViewControllerExtension.swift in Sources */,
				5F06C2CD1E96DD3500D0531D /* DocListTableViewController.swift in Sources */,
				5F06C2CF1E96E83B00D0531D /* StoryboardExtension.swift in Sources */,
				5F06C2CB1E96D64C00D0531D /* DBListTableViewController.swift in Sources */,
			);
			runOnlyForDeploymentPostprocessing = 0;
		};
		5F06C29D1E967EAF00D0531D /* Sources */ = {
			isa = PBXSourcesBuildPhase;
			buildActionMask = 2147483647;
			files = (
				5F06C2A61E967EAF00D0531D /* CBLiteStarterAppTests.swift in Sources */,
			);
			runOnlyForDeploymentPostprocessing = 0;
		};
/* End PBXSourcesBuildPhase section */

/* Begin PBXTargetDependency section */
		5F06C2A31E967EAF00D0531D /* PBXTargetDependency */ = {
			isa = PBXTargetDependency;
			target = 5F06C28C1E967EAF00D0531D /* CBLiteStarterApp */;
			targetProxy = 5F06C2A21E967EAF00D0531D /* PBXContainerItemProxy */;
		};
/* End PBXTargetDependency section */

/* Begin PBXVariantGroup section */
		5F06C2941E967EAF00D0531D /* Main.storyboard */ = {
			isa = PBXVariantGroup;
			children = (
				5F06C2951E967EAF00D0531D /* Base */,
			);
			name = Main.storyboard;
			sourceTree = "<group>";
		};
		5F06C2991E967EAF00D0531D /* LaunchScreen.storyboard */ = {
			isa = PBXVariantGroup;
			children = (
				5F06C29A1E967EAF00D0531D /* Base */,
			);
			name = LaunchScreen.storyboard;
			sourceTree = "<group>";
		};
/* End PBXVariantGroup section */

/* Begin XCBuildConfiguration section */
		5F06C2A81E967EAF00D0531D /* Debug */ = {
			isa = XCBuildConfiguration;
			buildSettings = {
				ALWAYS_SEARCH_USER_PATHS = NO;
				CLANG_ANALYZER_NONNULL = YES;
				CLANG_ANALYZER_NUMBER_OBJECT_CONVERSION = YES_AGGRESSIVE;
				CLANG_CXX_LANGUAGE_STANDARD = "gnu++0x";
				CLANG_CXX_LIBRARY = "libc++";
				CLANG_ENABLE_MODULES = YES;
				CLANG_ENABLE_OBJC_ARC = YES;
				CLANG_WARN_BOOL_CONVERSION = YES;
				CLANG_WARN_CONSTANT_CONVERSION = YES;
				CLANG_WARN_DIRECT_OBJC_ISA_USAGE = YES_ERROR;
				CLANG_WARN_DOCUMENTATION_COMMENTS = YES;
				CLANG_WARN_EMPTY_BODY = YES;
				CLANG_WARN_ENUM_CONVERSION = YES;
				CLANG_WARN_INFINITE_RECURSION = YES;
				CLANG_WARN_INT_CONVERSION = YES;
				CLANG_WARN_OBJC_ROOT_CLASS = YES_ERROR;
				CLANG_WARN_SUSPICIOUS_MOVE = YES;
				CLANG_WARN_UNREACHABLE_CODE = YES;
				CLANG_WARN__DUPLICATE_METHOD_MATCH = YES;
				"CODE_SIGN_IDENTITY[sdk=iphoneos*]" = "iPhone Developer";
				COPY_PHASE_STRIP = NO;
				DEBUG_INFORMATION_FORMAT = dwarf;
				ENABLE_STRICT_OBJC_MSGSEND = YES;
				ENABLE_TESTABILITY = YES;
				GCC_C_LANGUAGE_STANDARD = gnu99;
				GCC_DYNAMIC_NO_PIC = NO;
				GCC_NO_COMMON_BLOCKS = YES;
				GCC_OPTIMIZATION_LEVEL = 0;
				GCC_PREPROCESSOR_DEFINITIONS = (
					"DEBUG=1",
					"$(inherited)",
				);
				GCC_WARN_64_TO_32_BIT_CONVERSION = YES;
				GCC_WARN_ABOUT_RETURN_TYPE = YES_ERROR;
				GCC_WARN_UNDECLARED_SELECTOR = YES;
				GCC_WARN_UNINITIALIZED_AUTOS = YES_AGGRESSIVE;
				GCC_WARN_UNUSED_FUNCTION = YES;
				GCC_WARN_UNUSED_VARIABLE = YES;
				IPHONEOS_DEPLOYMENT_TARGET = 8.0;
				MTL_ENABLE_DEBUG_INFO = YES;
				ONLY_ACTIVE_ARCH = YES;
				SDKROOT = iphoneos;
				SWIFT_ACTIVE_COMPILATION_CONDITIONS = DEBUG;
				SWIFT_OPTIMIZATION_LEVEL = "-Onone";
			};
			name = Debug;
		};
		5F06C2A91E967EAF00D0531D /* Release */ = {
			isa = XCBuildConfiguration;
			buildSettings = {
				ALWAYS_SEARCH_USER_PATHS = NO;
				CLANG_ANALYZER_NONNULL = YES;
				CLANG_ANALYZER_NUMBER_OBJECT_CONVERSION = YES_AGGRESSIVE;
				CLANG_CXX_LANGUAGE_STANDARD = "gnu++0x";
				CLANG_CXX_LIBRARY = "libc++";
				CLANG_ENABLE_MODULES = YES;
				CLANG_ENABLE_OBJC_ARC = YES;
				CLANG_WARN_BOOL_CONVERSION = YES;
				CLANG_WARN_CONSTANT_CONVERSION = YES;
				CLANG_WARN_DIRECT_OBJC_ISA_USAGE = YES_ERROR;
				CLANG_WARN_DOCUMENTATION_COMMENTS = YES;
				CLANG_WARN_EMPTY_BODY = YES;
				CLANG_WARN_ENUM_CONVERSION = YES;
				CLANG_WARN_INFINITE_RECURSION = YES;
				CLANG_WARN_INT_CONVERSION = YES;
				CLANG_WARN_OBJC_ROOT_CLASS = YES_ERROR;
				CLANG_WARN_SUSPICIOUS_MOVE = YES;
				CLANG_WARN_UNREACHABLE_CODE = YES;
				CLANG_WARN__DUPLICATE_METHOD_MATCH = YES;
				"CODE_SIGN_IDENTITY[sdk=iphoneos*]" = "iPhone Developer";
				COPY_PHASE_STRIP = NO;
				DEBUG_INFORMATION_FORMAT = "dwarf-with-dsym";
				ENABLE_NS_ASSERTIONS = NO;
				ENABLE_STRICT_OBJC_MSGSEND = YES;
				GCC_C_LANGUAGE_STANDARD = gnu99;
				GCC_NO_COMMON_BLOCKS = YES;
				GCC_WARN_64_TO_32_BIT_CONVERSION = YES;
				GCC_WARN_ABOUT_RETURN_TYPE = YES_ERROR;
				GCC_WARN_UNDECLARED_SELECTOR = YES;
				GCC_WARN_UNINITIALIZED_AUTOS = YES_AGGRESSIVE;
				GCC_WARN_UNUSED_FUNCTION = YES;
				GCC_WARN_UNUSED_VARIABLE = YES;
				IPHONEOS_DEPLOYMENT_TARGET = 8.0;
				MTL_ENABLE_DEBUG_INFO = NO;
				SDKROOT = iphoneos;
				SWIFT_OPTIMIZATION_LEVEL = "-Owholemodule";
				VALIDATE_PRODUCT = YES;
			};
			name = Release;
		};
		5F06C2AB1E967EAF00D0531D /* Debug */ = {
			isa = XCBuildConfiguration;
			baseConfigurationReference = 250A142E7761C28E54822930 /* Pods-CBLiteStarterApp.debug.xcconfig */;
			buildSettings = {
				ASSETCATALOG_COMPILER_APPICON_NAME = AppIcon;
				CLANG_ENABLE_MODULES = YES;
				INFOPLIST_FILE = CBLiteStarterApp/Info.plist;
				LD_RUNPATH_SEARCH_PATHS = "$(inherited) @executable_path/Frameworks";
				PRODUCT_BUNDLE_IDENTIFIER = com.couchbase.CBLiteStarterApp;
				PRODUCT_NAME = "CBLite Demo";
				SWIFT_OBJC_BRIDGING_HEADER = "CBLiteStarterApp-Bridging-Header.h";
				SWIFT_OPTIMIZATION_LEVEL = "-Onone";
				SWIFT_VERSION = 3.0;
			};
			name = Debug;
		};
		5F06C2AC1E967EAF00D0531D /* Release */ = {
			isa = XCBuildConfiguration;
			baseConfigurationReference = 3C1AA16270FD4013D6485DD5 /* Pods-CBLiteStarterApp.release.xcconfig */;
			buildSettings = {
				ASSETCATALOG_COMPILER_APPICON_NAME = AppIcon;
				CLANG_ENABLE_MODULES = YES;
				INFOPLIST_FILE = CBLiteStarterApp/Info.plist;
				LD_RUNPATH_SEARCH_PATHS = "$(inherited) @executable_path/Frameworks";
				PRODUCT_BUNDLE_IDENTIFIER = com.couchbase.CBLiteStarterApp;
				PRODUCT_NAME = "CBLite Demo";
				SWIFT_OBJC_BRIDGING_HEADER = "CBLiteStarterApp-Bridging-Header.h";
				SWIFT_VERSION = 3.0;
			};
			name = Release;
		};
		5F06C2AE1E967EAF00D0531D /* Debug */ = {
			isa = XCBuildConfiguration;
			baseConfigurationReference = C11EED74DFB1027FE34337F2 /* Pods-CBLiteStarterAppTests.debug.xcconfig */;
			buildSettings = {
				ALWAYS_EMBED_SWIFT_STANDARD_LIBRARIES = YES;
				BUNDLE_LOADER = "$(TEST_HOST)";
				INFOPLIST_FILE = CBLiteStarterAppTests/Info.plist;
				LD_RUNPATH_SEARCH_PATHS = "$(inherited) @executable_path/Frameworks @loader_path/Frameworks";
				PRODUCT_BUNDLE_IDENTIFIER = com.couchbase.CBLiteStarterAppTests;
				PRODUCT_NAME = "$(TARGET_NAME)";
				SWIFT_VERSION = 3.0;
				TEST_HOST = "$(BUILT_PRODUCTS_DIR)/CBLiteStarterApp.app/CBLiteStarterApp";
			};
			name = Debug;
		};
		5F06C2AF1E967EAF00D0531D /* Release */ = {
			isa = XCBuildConfiguration;
			baseConfigurationReference = 216A5E8BCC3F7DF2FAAF8291 /* Pods-CBLiteStarterAppTests.release.xcconfig */;
			buildSettings = {
				ALWAYS_EMBED_SWIFT_STANDARD_LIBRARIES = YES;
				BUNDLE_LOADER = "$(TEST_HOST)";
				INFOPLIST_FILE = CBLiteStarterAppTests/Info.plist;
				LD_RUNPATH_SEARCH_PATHS = "$(inherited) @executable_path/Frameworks @loader_path/Frameworks";
				PRODUCT_BUNDLE_IDENTIFIER = com.couchbase.CBLiteStarterAppTests;
				PRODUCT_NAME = "$(TARGET_NAME)";
				SWIFT_VERSION = 3.0;
				TEST_HOST = "$(BUILT_PRODUCTS_DIR)/CBLiteStarterApp.app/CBLiteStarterApp";
			};
			name = Release;
		};
/* End XCBuildConfiguration section */

/* Begin XCConfigurationList section */
		5F06C2881E967EAF00D0531D /* Build configuration list for PBXProject "CBLiteStarterApp" */ = {
			isa = XCConfigurationList;
			buildConfigurations = (
				5F06C2A81E967EAF00D0531D /* Debug */,
				5F06C2A91E967EAF00D0531D /* Release */,
			);
			defaultConfigurationIsVisible = 0;
			defaultConfigurationName = Release;
		};
		5F06C2AA1E967EAF00D0531D /* Build configuration list for PBXNativeTarget "CBLiteStarterApp" */ = {
			isa = XCConfigurationList;
			buildConfigurations = (
				5F06C2AB1E967EAF00D0531D /* Debug */,
				5F06C2AC1E967EAF00D0531D /* Release */,
			);
			defaultConfigurationIsVisible = 0;
			defaultConfigurationName = Release;
		};
		5F06C2AD1E967EAF00D0531D /* Build configuration list for PBXNativeTarget "CBLiteStarterAppTests" */ = {
			isa = XCConfigurationList;
			buildConfigurations = (
				5F06C2AE1E967EAF00D0531D /* Debug */,
				5F06C2AF1E967EAF00D0531D /* Release */,
			);
			defaultConfigurationIsVisible = 0;
			defaultConfigurationName = Release;
		};
/* End XCConfigurationList section */
	};
	rootObject = 5F06C2851E967EAF00D0531D /* Project object */;
}
